// !$*UTF8*$!
{
	archiveVersion = 1;
	classes = {
	};
	objectVersion = 56;
	objects = {

/* Begin PBXBuildFile section */
		4AC225D1296F364100A1EC78 /* LoginView.swift in Sources */ = {isa = PBXBuildFile; fileRef = 4AC225D0296F364100A1EC78 /* LoginView.swift */; };
		4AC225D3296F364B00A1EC78 /* LoginModel.swift in Sources */ = {isa = PBXBuildFile; fileRef = 4AC225D2296F364B00A1EC78 /* LoginModel.swift */; };
		4AC225D5296F365600A1EC78 /* CreateAccountView.swift in Sources */ = {isa = PBXBuildFile; fileRef = 4AC225D4296F365600A1EC78 /* CreateAccountView.swift */; };
		4AC225D7296F366000A1EC78 /* CreateAccountModel.swift in Sources */ = {isa = PBXBuildFile; fileRef = 4AC225D6296F366000A1EC78 /* CreateAccountModel.swift */; };
		4AC225D9296F366B00A1EC78 /* HomeView.swift in Sources */ = {isa = PBXBuildFile; fileRef = 4AC225D8296F366B00A1EC78 /* HomeView.swift */; };
		4AC225DB296F368700A1EC78 /* HomeModel.swift in Sources */ = {isa = PBXBuildFile; fileRef = 4AC225DA296F368700A1EC78 /* HomeModel.swift */; };
		4AC225DD296F369400A1EC78 /* User.swift in Sources */ = {isa = PBXBuildFile; fileRef = 4AC225DC296F369400A1EC78 /* User.swift */; };
		4AC225DF296F36A500A1EC78 /* Modifiers+ext.swift in Sources */ = {isa = PBXBuildFile; fileRef = 4AC225DE296F36A500A1EC78 /* Modifiers+ext.swift */; };
		4AFFFA46296F2BC600E7DFBE /* RewardifyApp.swift in Sources */ = {isa = PBXBuildFile; fileRef = 4AFFFA45296F2BC600E7DFBE /* RewardifyApp.swift */; };
		4AFFFA4A296F2BCA00E7DFBE /* Assets.xcassets in Resources */ = {isa = PBXBuildFile; fileRef = 4AFFFA49296F2BCA00E7DFBE /* Assets.xcassets */; };
		4AFFFA4D296F2BCA00E7DFBE /* Preview Assets.xcassets in Resources */ = {isa = PBXBuildFile; fileRef = 4AFFFA4C296F2BCA00E7DFBE /* Preview Assets.xcassets */; };
/* End PBXBuildFile section */

/* Begin PBXFileReference section */
		4AC225D0296F364100A1EC78 /* LoginView.swift */ = {isa = PBXFileReference; fileEncoding = 4; lastKnownFileType = sourcecode.swift; path = LoginView.swift; sourceTree = "<group>"; };
		4AC225D2296F364B00A1EC78 /* LoginModel.swift */ = {isa = PBXFileReference; fileEncoding = 4; lastKnownFileType = sourcecode.swift; path = LoginModel.swift; sourceTree = "<group>"; };
		4AC225D4296F365600A1EC78 /* CreateAccountView.swift */ = {isa = PBXFileReference; fileEncoding = 4; lastKnownFileType = sourcecode.swift; path = CreateAccountView.swift; sourceTree = "<group>"; };
		4AC225D6296F366000A1EC78 /* CreateAccountModel.swift */ = {isa = PBXFileReference; fileEncoding = 4; lastKnownFileType = sourcecode.swift; path = CreateAccountModel.swift; sourceTree = "<group>"; };
		4AC225D8296F366B00A1EC78 /* HomeView.swift */ = {isa = PBXFileReference; fileEncoding = 4; lastKnownFileType = sourcecode.swift; path = HomeView.swift; sourceTree = "<group>"; };
		4AC225DA296F368700A1EC78 /* HomeModel.swift */ = {isa = PBXFileReference; fileEncoding = 4; lastKnownFileType = sourcecode.swift; path = HomeModel.swift; sourceTree = "<group>"; };
		4AC225DC296F369400A1EC78 /* User.swift */ = {isa = PBXFileReference; fileEncoding = 4; lastKnownFileType = sourcecode.swift; path = User.swift; sourceTree = "<group>"; };
		4AC225DE296F36A500A1EC78 /* Modifiers+ext.swift */ = {isa = PBXFileReference; fileEncoding = 4; lastKnownFileType = sourcecode.swift; path = "Modifiers+ext.swift"; sourceTree = "<group>"; };
		4AFFFA42296F2BC600E7DFBE /* Rewardify.app */ = {isa = PBXFileReference; explicitFileType = wrapper.application; includeInIndex = 0; path = Rewardify.app; sourceTree = BUILT_PRODUCTS_DIR; };
		4AFFFA45296F2BC600E7DFBE /* RewardifyApp.swift */ = {isa = PBXFileReference; lastKnownFileType = sourcecode.swift; path = RewardifyApp.swift; sourceTree = "<group>"; };
		4AFFFA49296F2BCA00E7DFBE /* Assets.xcassets */ = {isa = PBXFileReference; lastKnownFileType = folder.assetcatalog; path = Assets.xcassets; sourceTree = "<group>"; };
		4AFFFA4C296F2BCA00E7DFBE /* Preview Assets.xcassets */ = {isa = PBXFileReference; lastKnownFileType = folder.assetcatalog; path = "Preview Assets.xcassets"; sourceTree = "<group>"; };
/* End PBXFileReference section */

/* Begin PBXFrameworksBuildPhase section */
		4AFFFA3F296F2BC600E7DFBE /* Frameworks */ = {
			isa = PBXFrameworksBuildPhase;
			buildActionMask = 2147483647;
			files = (
			);
			runOnlyForDeploymentPostprocessing = 0;
		};
/* End PBXFrameworksBuildPhase section */

/* Begin PBXGroup section */
		4AFFFA39296F2BC600E7DFBE = {
			isa = PBXGroup;
			children = (
				4AFFFA44296F2BC600E7DFBE /* Rewardify */,
				4AFFFA43296F2BC600E7DFBE /* Products */,
			);
			sourceTree = "<group>";
		};
		4AFFFA43296F2BC600E7DFBE /* Products */ = {
			isa = PBXGroup;
			children = (
				4AFFFA42296F2BC600E7DFBE /* Rewardify.app */,
			);
			name = Products;
			sourceTree = "<group>";
		};
		4AFFFA44296F2BC600E7DFBE /* Rewardify */ = {
			isa = PBXGroup;
			children = (
				4AFFFA45296F2BC600E7DFBE /* RewardifyApp.swift */,
				4AC225D0296F364100A1EC78 /* LoginView.swift */,
				4AC225D2296F364B00A1EC78 /* LoginModel.swift */,
				4AC225D4296F365600A1EC78 /* CreateAccountView.swift */,
				4AC225D6296F366000A1EC78 /* CreateAccountModel.swift */,
				4AC225D8296F366B00A1EC78 /* HomeView.swift */,
				4AC225DA296F368700A1EC78 /* HomeModel.swift */,
				4AC225DC296F369400A1EC78 /* User.swift */,
				4AC225DE296F36A500A1EC78 /* Modifiers+ext.swift */,
				4AFFFA49296F2BCA00E7DFBE /* Assets.xcassets */,
				4AFFFA4B296F2BCA00E7DFBE /* Preview Content */,
			);
			path = Rewardify;
			sourceTree = "<group>";
		};
		4AFFFA4B296F2BCA00E7DFBE /* Preview Content */ = {
			isa = PBXGroup;
			children = (
				4AFFFA4C296F2BCA00E7DFBE /* Preview Assets.xcassets */,
			);
			path = "Preview Content";
			sourceTree = "<group>";
		};
/* End PBXGroup section */

/* Begin PBXNativeTarget section */
		4AFFFA41296F2BC600E7DFBE /* Rewardify */ = {
			isa = PBXNativeTarget;
			buildConfigurationList = 4AFFFA50296F2BCA00E7DFBE /* Build configuration list for PBXNativeTarget "Rewardify" */;
			buildPhases = (
				4AFFFA3E296F2BC600E7DFBE /* Sources */,
				4AFFFA3F296F2BC600E7DFBE /* Frameworks */,
				4AFFFA40296F2BC600E7DFBE /* Resources */,
			);
			buildRules = (
			);
			dependencies = (
			);
			name = Rewardify;
			productName = Rewardify;
			productReference = 4AFFFA42296F2BC600E7DFBE /* Rewardify.app */;
			productType = "com.apple.product-type.application";
		};
/* End PBXNativeTarget section */

/* Begin PBXProject section */
		4AFFFA3A296F2BC600E7DFBE /* Project object */ = {
			isa = PBXProject;
			attributes = {
				BuildIndependentTargetsInParallel = 1;
				LastSwiftUpdateCheck = 1420;
				LastUpgradeCheck = 1420;
				TargetAttributes = {
					4AFFFA41296F2BC600E7DFBE = {
						CreatedOnToolsVersion = 14.2;
					};
				};
			};
			buildConfigurationList = 4AFFFA3D296F2BC600E7DFBE /* Build configuration list for PBXProject "Rewardify" */;
			compatibilityVersion = "Xcode 14.0";
			developmentRegion = en;
			hasScannedForEncodings = 0;
			knownRegions = (
				en,
				Base,
			);
			mainGroup = 4AFFFA39296F2BC600E7DFBE;
			productRefGroup = 4AFFFA43296F2BC600E7DFBE /* Products */;
			projectDirPath = "";
			projectRoot = "";
			targets = (
				4AFFFA41296F2BC600E7DFBE /* Rewardify */,
			);
		};
/* End PBXProject section */

/* Begin PBXResourcesBuildPhase section */
		4AFFFA40296F2BC600E7DFBE /* Resources */ = {
			isa = PBXResourcesBuildPhase;
			buildActionMask = 2147483647;
			files = (
				4AFFFA4D296F2BCA00E7DFBE /* Preview Assets.xcassets in Resources */,
				4AFFFA4A296F2BCA00E7DFBE /* Assets.xcassets in Resources */,
			);
			runOnlyForDeploymentPostprocessing = 0;
		};
/* End PBXResourcesBuildPhase section */

/* Begin PBXSourcesBuildPhase section */
		4AFFFA3E296F2BC600E7DFBE /* Sources */ = {
			isa = PBXSourcesBuildPhase;
			buildActionMask = 2147483647;
			files = (
				4AC225D1296F364100A1EC78 /* LoginView.swift in Sources */,
				4AC225D9296F366B00A1EC78 /* HomeView.swift in Sources */,
				4AC225DF296F36A500A1EC78 /* Modifiers+ext.swift in Sources */,
				4AC225D7296F366000A1EC78 /* CreateAccountModel.swift in Sources */,
				4AC225D3296F364B00A1EC78 /* LoginModel.swift in Sources */,
				4AC225DB296F368700A1EC78 /* HomeModel.swift in Sources */,
				4AC225DD296F369400A1EC78 /* User.swift in Sources */,
				4AFFFA46296F2BC600E7DFBE /* RewardifyApp.swift in Sources */,
				4AC225D5296F365600A1EC78 /* CreateAccountView.swift in Sources */,
			);
			runOnlyForDeploymentPostprocessing = 0;
		};
/* End PBXSourcesBuildPhase section */

/* Begin XCBuildConfiguration section */
		4AFFFA4E296F2BCA00E7DFBE /* Debug */ = {
			isa = XCBuildConfiguration;
			buildSettings = {
				ALWAYS_SEARCH_USER_PATHS = NO;
				CLANG_ANALYZER_NONNULL = YES;
				CLANG_ANALYZER_NUMBER_OBJECT_CONVERSION = YES_AGGRESSIVE;
				CLANG_CXX_LANGUAGE_STANDARD = "gnu++20";
				CLANG_ENABLE_MODULES = YES;
				CLANG_ENABLE_OBJC_ARC = YES;
				CLANG_ENABLE_OBJC_WEAK = YES;
				CLANG_WARN_BLOCK_CAPTURE_AUTORELEASING = YES;
				CLANG_WARN_BOOL_CONVERSION = YES;
				CLANG_WARN_COMMA = YES;
				CLANG_WARN_CONSTANT_CONVERSION = YES;
				CLANG_WARN_DEPRECATED_OBJC_IMPLEMENTATIONS = YES;
				CLANG_WARN_DIRECT_OBJC_ISA_USAGE = YES_ERROR;
				CLANG_WARN_DOCUMENTATION_COMMENTS = YES;
				CLANG_WARN_EMPTY_BODY = YES;
				CLANG_WARN_ENUM_CONVERSION = YES;
				CLANG_WARN_INFINITE_RECURSION = YES;
				CLANG_WARN_INT_CONVERSION = YES;
				CLANG_WARN_NON_LITERAL_NULL_CONVERSION = YES;
				CLANG_WARN_OBJC_IMPLICIT_RETAIN_SELF = YES;
				CLANG_WARN_OBJC_LITERAL_CONVERSION = YES;
				CLANG_WARN_OBJC_ROOT_CLASS = YES_ERROR;
				CLANG_WARN_QUOTED_INCLUDE_IN_FRAMEWORK_HEADER = YES;
				CLANG_WARN_RANGE_LOOP_ANALYSIS = YES;
				CLANG_WARN_STRICT_PROTOTYPES = YES;
				CLANG_WARN_SUSPICIOUS_MOVE = YES;
				CLANG_WARN_UNGUARDED_AVAILABILITY = YES_AGGRESSIVE;
				CLANG_WARN_UNREACHABLE_CODE = YES;
				CLANG_WARN__DUPLICATE_METHOD_MATCH = YES;
				COPY_PHASE_STRIP = NO;
				DEBUG_INFORMATION_FORMAT = dwarf;
				ENABLE_STRICT_OBJC_MSGSEND = YES;
				ENABLE_TESTABILITY = YES;
				GCC_C_LANGUAGE_STANDARD = gnu11;
				GCC_DYNAMIC_NO_PIC = NO;
				GCC_NO_COMMON_BLOCKS = YES;
				GCC_OPTIMIZATION_LEVEL = 0;
				GCC_PREPROCESSOR_DEFINITIONS = (
					"DEBUG=1",
					"$(inherited)",
				);
				GCC_WARN_64_TO_32_BIT_CONVERSION = YES;
				GCC_WARN_ABOUT_RETURN_TYPE = YES_ERROR;
				GCC_WARN_UNDECLARED_SELECTOR = YES;
				GCC_WARN_UNINITIALIZED_AUTOS = YES_AGGRESSIVE;
				GCC_WARN_UNUSED_FUNCTION = YES;
				GCC_WARN_UNUSED_VARIABLE = YES;
				IPHONEOS_DEPLOYMENT_TARGET = 16.2;
				MTL_ENABLE_DEBUG_INFO = INCLUDE_SOURCE;
				MTL_FAST_MATH = YES;
				ONLY_ACTIVE_ARCH = YES;
				SDKROOT = iphoneos;
				SWIFT_ACTIVE_COMPILATION_CONDITIONS = DEBUG;
				SWIFT_OPTIMIZATION_LEVEL = "-Onone";
			};
			name = Debug;
		};
		4AFFFA4F296F2BCA00E7DFBE /* Release */ = {
			isa = XCBuildConfiguration;
			buildSettings = {
				ALWAYS_SEARCH_USER_PATHS = NO;
				CLANG_ANALYZER_NONNULL = YES;
				CLANG_ANALYZER_NUMBER_OBJECT_CONVERSION = YES_AGGRESSIVE;
				CLANG_CXX_LANGUAGE_STANDARD = "gnu++20";
				CLANG_ENABLE_MODULES = YES;
				CLANG_ENABLE_OBJC_ARC = YES;
				CLANG_ENABLE_OBJC_WEAK = YES;
				CLANG_WARN_BLOCK_CAPTURE_AUTORELEASING = YES;
				CLANG_WARN_BOOL_CONVERSION = YES;
				CLANG_WARN_COMMA = YES;
				CLANG_WARN_CONSTANT_CONVERSION = YES;
				CLANG_WARN_DEPRECATED_OBJC_IMPLEMENTATIONS = YES;
				CLANG_WARN_DIRECT_OBJC_ISA_USAGE = YES_ERROR;
				CLANG_WARN_DOCUMENTATION_COMMENTS = YES;
				CLANG_WARN_EMPTY_BODY = YES;
				CLANG_WARN_ENUM_CONVERSION = YES;
				CLANG_WARN_INFINITE_RECURSION = YES;
				CLANG_WARN_INT_CONVERSION = YES;
				CLANG_WARN_NON_LITERAL_NULL_CONVERSION = YES;
				CLANG_WARN_OBJC_IMPLICIT_RETAIN_SELF = YES;
				CLANG_WARN_OBJC_LITERAL_CONVERSION = YES;
				CLANG_WARN_OBJC_ROOT_CLASS = YES_ERROR;
				CLANG_WARN_QUOTED_INCLUDE_IN_FRAMEWORK_HEADER = YES;
				CLANG_WARN_RANGE_LOOP_ANALYSIS = YES;
				CLANG_WARN_STRICT_PROTOTYPES = YES;
				CLANG_WARN_SUSPICIOUS_MOVE = YES;
				CLANG_WARN_UNGUARDED_AVAILABILITY = YES_AGGRESSIVE;
				CLANG_WARN_UNREACHABLE_CODE = YES;
				CLANG_WARN__DUPLICATE_METHOD_MATCH = YES;
				COPY_PHASE_STRIP = NO;
				DEBUG_INFORMATION_FORMAT = "dwarf-with-dsym";
				ENABLE_NS_ASSERTIONS = NO;
				ENABLE_STRICT_OBJC_MSGSEND = YES;
				GCC_C_LANGUAGE_STANDARD = gnu11;
				GCC_NO_COMMON_BLOCKS = YES;
				GCC_WARN_64_TO_32_BIT_CONVERSION = YES;
				GCC_WARN_ABOUT_RETURN_TYPE = YES_ERROR;
				GCC_WARN_UNDECLARED_SELECTOR = YES;
				GCC_WARN_UNINITIALIZED_AUTOS = YES_AGGRESSIVE;
				GCC_WARN_UNUSED_FUNCTION = YES;
				GCC_WARN_UNUSED_VARIABLE = YES;
				IPHONEOS_DEPLOYMENT_TARGET = 16.2;
				MTL_ENABLE_DEBUG_INFO = NO;
				MTL_FAST_MATH = YES;
				SDKROOT = iphoneos;
				SWIFT_COMPILATION_MODE = wholemodule;
				SWIFT_OPTIMIZATION_LEVEL = "-O";
				VALIDATE_PRODUCT = YES;
			};
			name = Release;
		};
		4AFFFA51296F2BCA00E7DFBE /* Debug */ = {
			isa = XCBuildConfiguration;
			buildSettings = {
				ASSETCATALOG_COMPILER_APPICON_NAME = AppIcon;
				ASSETCATALOG_COMPILER_GLOBAL_ACCENT_COLOR_NAME = AccentColor;
				CODE_SIGN_STYLE = Automatic;
				CURRENT_PROJECT_VERSION = 1;
				DEVELOPMENT_ASSET_PATHS = "\"Rewardify/Preview Content\"";
				DEVELOPMENT_TEAM = Q8WPW9BZ33;
				ENABLE_PREVIEWS = YES;
				GENERATE_INFOPLIST_FILE = YES;
				INFOPLIST_KEY_UIApplicationSceneManifest_Generation = YES;
				INFOPLIST_KEY_UIApplicationSupportsIndirectInputEvents = YES;
				INFOPLIST_KEY_UILaunchScreen_Generation = YES;
				INFOPLIST_KEY_UISupportedInterfaceOrientations_iPad = "UIInterfaceOrientationPortrait UIInterfaceOrientationPortraitUpsideDown UIInterfaceOrientationLandscapeLeft UIInterfaceOrientationLandscapeRight";
				INFOPLIST_KEY_UISupportedInterfaceOrientations_iPhone = "UIInterfaceOrientationPortrait UIInterfaceOrientationLandscapeLeft UIInterfaceOrientationLandscapeRight";
				LD_RUNPATH_SEARCH_PATHS = (
					"$(inherited)",
					"@executable_path/Frameworks",
				);
				MARKETING_VERSION = 1.0;
				PRODUCT_BUNDLE_IDENTIFIER = com.gergusa04.Rewardify;
				PRODUCT_NAME = "$(TARGET_NAME)";
				SWIFT_EMIT_LOC_STRINGS = YES;
				SWIFT_VERSION = 5.0;
				TARGETED_DEVICE_FAMILY = "1,2";
			};
			name = Debug;
		};
		4AFFFA52296F2BCA00E7DFBE /* Release */ = {
			isa = XCBuildConfiguration;
			buildSettings = {
				ASSETCATALOG_COMPILER_APPICON_NAME = AppIcon;
				ASSETCATALOG_COMPILER_GLOBAL_ACCENT_COLOR_NAME = AccentColor;
				CODE_SIGN_STYLE = Automatic;
				CURRENT_PROJECT_VERSION = 1;
				DEVELOPMENT_ASSET_PATHS = "\"Rewardify/Preview Content\"";
				DEVELOPMENT_TEAM = Q8WPW9BZ33;
				ENABLE_PREVIEWS = YES;
				GENERATE_INFOPLIST_FILE = YES;
				INFOPLIST_KEY_UIApplicationSceneManifest_Generation = YES;
				INFOPLIST_KEY_UIApplicationSupportsIndirectInputEvents = YES;
				INFOPLIST_KEY_UILaunchScreen_Generation = YES;
				INFOPLIST_KEY_UISupportedInterfaceOrientations_iPad = "UIInterfaceOrientationPortrait UIInterfaceOrientationPortraitUpsideDown UIInterfaceOrientationLandscapeLeft UIInterfaceOrientationLandscapeRight";
				INFOPLIST_KEY_UISupportedInterfaceOrientations_iPhone = "UIInterfaceOrientationPortrait UIInterfaceOrientationLandscapeLeft UIInterfaceOrientationLandscapeRight";
				LD_RUNPATH_SEARCH_PATHS = (
					"$(inherited)",
					"@executable_path/Frameworks",
				);
				MARKETING_VERSION = 1.0;
				PRODUCT_BUNDLE_IDENTIFIER = com.gergusa04.Rewardify;
				PRODUCT_NAME = "$(TARGET_NAME)";
				SWIFT_EMIT_LOC_STRINGS = YES;
				SWIFT_VERSION = 5.0;
				TARGETED_DEVICE_FAMILY = "1,2";
			};
			name = Release;
		};
/* End XCBuildConfiguration section */

/* Begin XCConfigurationList section */
		4AFFFA3D296F2BC600E7DFBE /* Build configuration list for PBXProject "Rewardify" */ = {
			isa = XCConfigurationList;
			buildConfigurations = (
				4AFFFA4E296F2BCA00E7DFBE /* Debug */,
				4AFFFA4F296F2BCA00E7DFBE /* Release */,
			);
			defaultConfigurationIsVisible = 0;
			defaultConfigurationName = Release;
		};
		4AFFFA50296F2BCA00E7DFBE /* Build configuration list for PBXNativeTarget "Rewardify" */ = {
			isa = XCConfigurationList;
			buildConfigurations = (
				4AFFFA51296F2BCA00E7DFBE /* Debug */,
				4AFFFA52296F2BCA00E7DFBE /* Release */,
			);
			defaultConfigurationIsVisible = 0;
			defaultConfigurationName = Release;
		};
/* End XCConfigurationList section */
	};
	rootObject = 4AFFFA3A296F2BC600E7DFBE /* Project object */;
}
